{
    "_readme": [
        "This file locks the dependencies of your project to a known state",
        "Read more about it at https://getcomposer.org/doc/01-basic-usage.md#composer-lock-the-lock-file",
        "This file is @generated automatically"
    ],
    "content-hash": "fe22129cada130c7c2190673642bf9d6",
    "packages": [
        {
            "name": "jeremeamia/SuperClosure",
            "version": "2.2.0",
            "source": {
                "type": "git",
                "url": "https://github.com/jeremeamia/super_closure.git",
                "reference": "29a88be2a4846d27c1613aed0c9071dfad7b5938"
            },
            "dist": {
                "type": "zip",
                "url": "https://packagist.phpcomposer.com/files/jeremeamia/super_closure/29a88be2a4846d27c1613aed0c9071dfad7b5938.zip",
                "reference": "29a88be2a4846d27c1613aed0c9071dfad7b5938",
                "shasum": ""
            },
            "require": {
                "nikic/php-parser": "^1.2|^2.0",
                "php": ">=5.4",
                "symfony/polyfill-php56": "^1.0"
            },
            "require-dev": {
                "phpunit/phpunit": "^4.0|^5.0"
            },
            "type": "library",
            "extra": {
                "branch-alias": {
                    "dev-master": "2.2-dev"
                }
            },
            "autoload": {
                "psr-4": {
                    "SuperClosure\\": "src/"
                }
            },
            "notification-url": "https://packagist.org/downloads/",
            "license": [
                "MIT"
            ],
            "authors": [
                {
                    "name": "Jeremy Lindblom",
                    "email": "jeremeamia@gmail.com",
                    "homepage": "https://github.com/jeremeamia",
                    "role": "Developer"
                }
            ],
            "description": "Serialize Closure objects, including their context and binding",
            "homepage": "https://github.com/jeremeamia/super_closure",
            "keywords": [
                "closure",
                "function",
                "lambda",
                "parser",
                "serializable",
                "serialize",
                "tokenizer"
            ],
            "time": "2015-12-05T17:17:57+00:00"
        },
        {
            "name": "nikic/php-parser",
            "version": "v2.1.1",
            "source": {
                "type": "git",
                "url": "https://github.com/nikic/PHP-Parser.git",
                "reference": "4dd659edadffdc2143e4753df655d866dbfeedf0"
            },
            "dist": {
                "type": "zip",
                "url": "https://packagist.phpcomposer.com/files/nikic/PHP-Parser/4dd659edadffdc2143e4753df655d866dbfeedf0.zip",
                "reference": "4dd659edadffdc2143e4753df655d866dbfeedf0",
                "shasum": ""
            },
            "require": {
                "ext-tokenizer": "*",
                "php": ">=5.4"
            },
            "require-dev": {
                "phpunit/phpunit": "~4.0"
            },
            "bin": [
                "bin/php-parse"
            ],
            "type": "library",
            "extra": {
                "branch-alias": {
                    "dev-master": "2.1-dev"
                }
            },
            "autoload": {
                "psr-4": {
                    "PhpParser\\": "lib/PhpParser"
                }
            },
            "notification-url": "https://packagist.org/downloads/",
            "license": [
                "BSD-3-Clause"
            ],
            "authors": [
                {
                    "name": "Nikita Popov"
                }
            ],
            "description": "A PHP parser written in PHP",
            "keywords": [
                "parser",
                "php"
            ],
            "time": "2016-09-16T12:04:44+00:00"
        },
        {
            "name": "symfony/polyfill-php56",
            "version": "v1.3.0",
            "source": {
                "type": "git",
                "url": "https://github.com/symfony/polyfill-php56.git",
                "reference": "1dd42b9b89556f18092f3d1ada22cb05ac85383c"
            },
            "dist": {
                "type": "zip",
                "url": "https://packagist.phpcomposer.com/files/symfony/polyfill-php56/1dd42b9b89556f18092f3d1ada22cb05ac85383c.zip",
                "reference": "1dd42b9b89556f18092f3d1ada22cb05ac85383c",
                "shasum": ""
            },
            "require": {
                "php": ">=5.3.3",
                "symfony/polyfill-util": "~1.0"
            },
            "type": "library",
            "extra": {
                "branch-alias": {
                    "dev-master": "1.3-dev"
                }
            },
            "autoload": {
                "psr-4": {
                    "Symfony\\Polyfill\\Php56\\": ""
                },
                "files": [
                    "bootstrap.php"
                ]
            },
            "notification-url": "https://packagist.org/downloads/",
            "license": [
                "MIT"
            ],
            "authors": [
                {
                    "name": "Nicolas Grekas",
                    "email": "p@tchwork.com"
                },
                {
                    "name": "Symfony Community",
                    "homepage": "https://symfony.com/contributors"
                }
            ],
            "description": "Symfony polyfill backporting some PHP 5.6+ features to lower PHP versions",
            "homepage": "https://symfony.com",
            "keywords": [
                "compatibility",
                "polyfill",
                "portable",
                "shim"
            ],
            "time": "2016-11-14T01:06:16+00:00"
        },
        {
            "name": "symfony/polyfill-util",
            "version": "v1.3.0",
            "source": {
                "type": "git",
                "url": "https://github.com/symfony/polyfill-util.git",
                "reference": "746bce0fca664ac0a575e465f65c6643faddf7fb"
            },
            "dist": {
                "type": "zip",
                "url": "https://packagist.phpcomposer.com/files/symfony/polyfill-util/746bce0fca664ac0a575e465f65c6643faddf7fb.zip",
                "reference": "746bce0fca664ac0a575e465f65c6643faddf7fb",
                "shasum": ""
            },
            "require": {
                "php": ">=5.3.3"
            },
            "type": "library",
            "extra": {
                "branch-alias": {
                    "dev-master": "1.3-dev"
                }
            },
            "autoload": {
                "psr-4": {
                    "Symfony\\Polyfill\\Util\\": ""
                }
            },
            "notification-url": "https://packagist.org/downloads/",
            "license": [
                "MIT"
            ],
            "authors": [
                {
                    "name": "Nicolas Grekas",
                    "email": "p@tchwork.com"
                },
                {
                    "name": "Symfony Community",
                    "homepage": "https://symfony.com/contributors"
                }
            ],
            "description": "Symfony utilities for portability of PHP codes",
            "homepage": "https://symfony.com",
            "keywords": [
                "compat",
                "compatibility",
                "polyfill",
                "shim"
            ],
            "time": "2016-11-14T01:06:16+00:00"
        },
        {
            "name": "toplan/phpsms",
            "version": "1.6.0",
            "source": {
                "type": "git",
                "url": "https://github.com/toplan/phpsms.git",
                "reference": "6080f5d4ab6f1599938358896fabdcd2da655a91"
            },
            "dist": {
                "type": "zip",
                "url": "https://packagist.phpcomposer.com/files/toplan/phpsms/6080f5d4ab6f1599938358896fabdcd2da655a91.zip",
                "reference": "6080f5d4ab6f1599938358896fabdcd2da655a91",
                "shasum": ""
            },
            "require": {
                "jeremeamia/superclosure": "~2.2.0",
                "php": ">=5.4.0",
                "toplan/task-balancer": ">=0.4.2"
            },
            "require-dev": {
                "phpunit/phpunit": "~4.0"
            },
            "type": "library",
            "autoload": {
                "psr-4": {
                    "Toplan\\PhpSms\\": [
                        "src/phpsms/",
                        "src/phpsms/agents/"
                    ],
                    "Toplan\\PhpSms\\Facades\\": [
                        "src/phpsms/facades/"
                    ]
                },
                "classmap": [
                    "src/phpsms/lib/"
                ]
            },
            "notification-url": "https://packagist.org/downloads/",
            "license": [
                "MIT"
            ],
            "authors": [
                {
                    "name": "toplan",
                    "email": "toplan710@gmail.com"
                }
            ],
            "description": "sms send library for php, support the main SMS service provider.",
            "keywords": [
                "php sms",
                "phpsms",
                "sms",
                "sms library for php"
            ],
            "time": "2016-07-21T02:24:11+00:00"
        },
        {
            "name": "toplan/task-balancer",
            "version": "0.4.2",
            "source": {
                "type": "git",
                "url": "https://github.com/toplan/task-balancer.git",
                "reference": "32914c1162fd566d811315f3e015039870642150"
            },
            "dist": {
                "type": "zip",
                "url": "https://packagist.phpcomposer.com/files/toplan/task-balancer/32914c1162fd566d811315f3e015039870642150.zip",
                "reference": "32914c1162fd566d811315f3e015039870642150",
                "shasum": ""
            },
            "require": {
                "php": ">=5.4.0"
            },
            "type": "library",
            "autoload": {
                "psr-4": {
                    "Toplan\\TaskBalance\\": "src/TaskBalancer/"
                }
            },
            "notification-url": "https://packagist.org/downloads/",
            "license": [
                "MIT"
            ],
            "authors": [
                {
                    "name": "toplan",
                    "email": "toplan710@gmail.com"
                }
            ],
            "description": "lightweight and powerful task load balancing for php (like the nginx load balancing)",
            "keywords": [
                "balance",
                "balancer",
                "load balancing",
                "task"
            ],
            "time": "2016-04-14T09:24:31+00:00"
        }
    ],
    "packages-dev": [],
    "aliases": [],
    "minimum-stability": "stable",
    "stability-flags": [],
    "prefer-stable": false,
    "prefer-lowest": false,
    "platform": [],
    "platform-dev": []
}
